
Microsoft Visual Studio Solution File, Format Version 12.00
# Visual Studio 2015
Project("{FAE04EC0-301F-11D3-BF4B-00C04F79EFBC}") = "ProjectOne.CSharp.Plugins", "ProjectOne.CSharp.Plugins.csproj", "{FE34B466-7EAB-DDFA-3C33-81707555900A}"
EndProject
Project("{FAE04EC0-301F-11D3-BF4B-00C04F79EFBC}") = "ProjectOne.CSharp", "ProjectOne.CSharp.csproj", "{55D8A844-2E6B-B163-ADC0-DEF202F52186}"
EndProject
Project("{FAE04EC0-301F-11D3-BF4B-00C04F79EFBC}") = "ProjectOne.CSharp.Editor", "ProjectOne.CSharp.Editor.csproj", "{5DE862FC-1F2E-268C-7389-614A9C42E5BC}"
EndProject
Global
	GlobalSection(SolutionConfigurationPlatforms) = preSolution
		Debug|Any CPU = Debug|Any CPU
		Release|Any CPU = Release|Any CPU
	EndGlobalSection
	GlobalSection(ProjectConfigurationPlatforms) = postSolution
		{FE34B466-7EAB-DDFA-3C33-81707555900A}.Debug|Any CPU.ActiveCfg = Debug|Any CPU
		{FE34B466-7EAB-DDFA-3C33-81707555900A}.Debug|Any CPU.Build.0 = Debug|Any CPU
		{FE34B466-7EAB-DDFA-3C33-81707555900A}.Release|Any CPU.ActiveCfg = Release|Any CPU
		{FE34B466-7EAB-DDFA-3C33-81707555900A}.Release|Any CPU.Build.0 = Release|Any CPU
		{55D8A844-2E6B-B163-ADC0-DEF202F52186}.Debug|Any CPU.ActiveCfg = Debug|Any CPU
		{55D8A844-2E6B-B163-ADC0-DEF202F52186}.Debug|Any CPU.Build.0 = Debug|Any CPU
		{55D8A844-2E6B-B163-ADC0-DEF202F52186}.Release|Any CPU.ActiveCfg = Release|Any CPU
		{55D8A844-2E6B-B163-ADC0-DEF202F52186}.Release|Any CPU.Build.0 = Release|Any CPU
		{5DE862FC-1F2E-268C-7389-614A9C42E5BC}.Debug|Any CPU.ActiveCfg = Debug|Any CPU
		{5DE862FC-1F2E-268C-7389-614A9C42E5BC}.Debug|Any CPU.Build.0 = Debug|Any CPU
		{5DE862FC-1F2E-268C-7389-614A9C42E5BC}.Release|Any CPU.ActiveCfg = Release|Any CPU
		{5DE862FC-1F2E-268C-7389-614A9C42E5BC}.Release|Any CPU.Build.0 = Release|Any CPU
	EndGlobalSection
	GlobalSection(SolutionProperties) = preSolution
		HideSolutionNode = FALSE
	EndGlobalSection
EndGlobal
